<?xml version="1.0" encoding="utf-8"?>
<Project ToolsVersion="4.0" xmlns="http://schemas.microsoft.com/developer/msbuild/2003">
  <ItemGroup>
    <Filter Include="nvse">
      <UniqueIdentifier>{92a4f350-f2ec-4fca-bdd3-927732d91b34}</UniqueIdentifier>
    </Filter>
    <Filter Include="Allocator">
      <UniqueIdentifier>{7758905b-e47a-4047-ae1b-821351a309c0}</UniqueIdentifier>
    </Filter>
  </ItemGroup>
  <ItemGroup>
    <ClCompile Include="..\nvse\nvse\SafeWrite.cpp">
      <Filter>nvse</Filter>
    </ClCompile>
    <ClCompile Include="dllmain.c" />
    <ClCompile Include="main.cpp" />
    <ClCompile Include="Allocator\BSMemory.cpp">
      <Filter>Allocator</Filter>
    </ClCompile>
  </ItemGroup>
  <ItemGroup>
    <ClInclude Include="..\nvse\nvse\SafeWrite.h">
      <Filter>nvse</Filter>
    </ClInclude>
    <ClInclude Include="GameData.hpp" />
    <ClInclude Include="Allocator\BSMemory.hpp">
      <Filter>Allocator</Filter>
    </ClInclude>
  </ItemGroup>
  <ItemGroup>
    <None Include="exports.def" />
  </ItemGroup>
</Project>